schema: '2.0'
stages:
  data_preparation:
    cmd: python src/stage_01_prepare_data.py
    deps:
    - path: data/data.xml
      md5: a304afb96060aad90176268345e10355
      size: 37891850
    - path: src/stage_01_prepare_data.py
      md5: d406fd48120cdd59b572779621e40c91
      size: 2113
    - path: src/utils
      md5: 5da1b25a1a250cd7b76e66719eebd66f.dir
      size: 5682
      nfiles: 6
    outs:
    - path: artifacts/prepared
      md5: 49312ebc63ab4e83dd3f85d8ee95aab2.dir
      size: 23886351
      nfiles: 2
  featurization:
    cmd: python src/stage_02_featurization.py
    deps:
    - path: artifacts/prepared
      md5: 49312ebc63ab4e83dd3f85d8ee95aab2.dir
      size: 23886351
      nfiles: 2
    - path: src/stage_01_prepare_data.py
      md5: d406fd48120cdd59b572779621e40c91
      size: 2113
    - path: src/utils
      md5: 5da1b25a1a250cd7b76e66719eebd66f.dir
      size: 5682
      nfiles: 6
    outs:
    - path: artifacts/features
      md5: a563ea56a4687403e2709810a4e810d9.dir
      size: 12272600
      nfiles: 2
  train:
    cmd: python src/stage_03_train.py
    deps:
    - path: artifacts/features/train.pkl
      md5: c250a06bdd10afa4d8f99200b728080a
      size: 8558700
    - path: src/stage_03_train.py
      md5: cd60a7cd38d96315451df82829d85818
      size: 2589
    - path: src/utils
      md5: 5da1b25a1a250cd7b76e66719eebd66f.dir
      size: 5682
      nfiles: 6
    outs:
    - path: artifacts/model/model.pkl
      md5: 70d7e695f911a6bf6d86ced9b8134a2d
      size: 3123001
  evaluation:
    cmd: python src/stage_04_evaluate.py
    deps:
    - path: artifacts/features/test.pkl
      md5: f74393418855be060bfa0600c11cdb30
      size: 3713900
    - path: artifacts/model/model.pkl
      md5: 70d7e695f911a6bf6d86ced9b8134a2d
      size: 3123001
    - path: src/stage_04_evaluate.py
      md5: 5493a871fb848e6a360497b32e713f47
      size: 3211
    - path: src/utils
      md5: 5da1b25a1a250cd7b76e66719eebd66f.dir
      size: 5682
      nfiles: 6
    outs:
    - path: prc.json
      md5: 55c082d5c6a8b06e2b62f695cc2693d7
      size: 145731
    - path: roc.json
      md5: 3302b44f75ef33e15d52927e351047e4
      size: 138906
    - path: scores.json
      md5: 998d585d339f75a78e5691960b51a995
      size: 76
